
Microsoft Visual Studio Solution File, Format Version 12.00
# Visual Studio Version 17
VisualStudioVersion = 17.5.002.0
MinimumVisualStudioVersion = 10.0.40219.1
Project("{9A19103F-16F7-4668-BE54-9A1E7A4F7556}") = "GreetingClient", "GreetingClient\GreetingClient.csproj", "{9439091F-CB06-4F48-94E0-E442D3861498}"
EndProject
Global
	GlobalSection(SolutionConfigurationPlatforms) = preSolution
		Debug|Any CPU = Debug|Any CPU
		Release|Any CPU = Release|Any CPU
	EndGlobalSection
	GlobalSection(ProjectConfigurationPlatforms) = postSolution
		{9439091F-CB06-4F48-94E0-E442D3861498}.Debug|Any CPU.ActiveCfg = Debug|Any CPU
		{9439091F-CB06-4F48-94E0-E442D3861498}.Debug|Any CPU.Build.0 = Debug|Any CPU
		{9439091F-CB06-4F48-94E0-E442D3861498}.Release|Any CPU.ActiveCfg = Release|Any CPU
		{9439091F-CB06-4F48-94E0-E442D3861498}.Release|Any CPU.Build.0 = Release|Any CPU
	EndGlobalSection
	GlobalSection(SolutionProperties) = preSolution
		HideSolutionNode = FALSE
	EndGlobalSection
	GlobalSection(ExtensibilityGlobals) = postSolution
		SolutionGuid = {0F8F0442-5BEA-4308-B037-A0D5FD4C190F}
	EndGlobalSection
EndGlobal
